
Microsoft Visual Studio Solution File, Format Version 12.00
# Visual Studio 15
VisualStudioVersion = 15.0.27703.2035
MinimumVisualStudioVersion = 10.0.40219.1
Project("{FAE04EC0-301F-11D3-BF4B-00C04F79EFBC}") = "SumOfTwoArr", "SumOfTwoArr\SumOfTwoArr.csproj", "{E4932233-0B2F-495C-BEFB-30C3C02C0B45}"
EndProject
Global
	GlobalSection(SolutionConfigurationPlatforms) = preSolution
		Debug|Any CPU = Debug|Any CPU
		Release|Any CPU = Release|Any CPU
	EndGlobalSection
	GlobalSection(ProjectConfigurationPlatforms) = postSolution
		{E4932233-0B2F-495C-BEFB-30C3C02C0B45}.Debug|Any CPU.ActiveCfg = Debug|Any CPU
		{E4932233-0B2F-495C-BEFB-30C3C02C0B45}.Debug|Any CPU.Build.0 = Debug|Any CPU
		{E4932233-0B2F-495C-BEFB-30C3C02C0B45}.Release|Any CPU.ActiveCfg = Release|Any CPU
		{E4932233-0B2F-495C-BEFB-30C3C02C0B45}.Release|Any CPU.Build.0 = Release|Any CPU
	EndGlobalSection
	GlobalSection(SolutionProperties) = preSolution
		HideSolutionNode = FALSE
	EndGlobalSection
	GlobalSection(ExtensibilityGlobals) = postSolution
		SolutionGuid = {F9D0A2EB-18D4-49F4-894D-67C8689D0F63}
	EndGlobalSection
EndGlobal
